
Microsoft Visual Studio Solution File, Format Version 12.00
# Visual Studio Version 17
VisualStudioVersion = 17.8.34330.188
MinimumVisualStudioVersion = 10.0.40219.1
Project("{9A19103F-16F7-4668-BE54-9A1E7A4F7556}") = "LeadFunnel.Domain", "LeadFunnel.Domain.csproj", "{A3724615-3148-4605-AE88-B8DCBB345118}"
EndProject
Project("{9A19103F-16F7-4668-BE54-9A1E7A4F7556}") = "LeadFunnel.Interface", "..\LeadFunnel.Interface\LeadFunnel.Interface.csproj", "{D3385074-AE60-45B4-90FA-742E71C60F7E}"
EndProject
Project("{9A19103F-16F7-4668-BE54-9A1E7A4F7556}") = "LeadFunnel.Repository", "..\LeadFunnel.Repository\LeadFunnel.Repository.csproj", "{1A4AA979-8867-46E7-8769-6E50EF10FA65}"
EndProject
Project("{9A19103F-16F7-4668-BE54-9A1E7A4F7556}") = "LeadFunnel.Services", "..\LeadFunnel.Services\LeadFunnel.Services.csproj", "{BE8623BC-BB7C-47C7-A760-142603772D43}"
EndProject
Project("{9A19103F-16F7-4668-BE54-9A1E7A4F7556}") = "LeadFunnel.Api", "..\LeadFunnel.Api\LeadFunnel.Api.csproj", "{7DECC3D4-F3B1-4C2B-8BF4-60292149D1C5}"
EndProject
Project("{9A19103F-16F7-4668-BE54-9A1E7A4F7556}") = "LeadFunnel.Web", "..\LeadFunnel.Web\LeadFunnel.Web.csproj", "{D397A5CC-395C-4513-B121-368992146EE4}"
EndProject
Global
	GlobalSection(SolutionConfigurationPlatforms) = preSolution
		Debug|Any CPU = Debug|Any CPU
		Release|Any CPU = Release|Any CPU
	EndGlobalSection
	GlobalSection(ProjectConfigurationPlatforms) = postSolution
		{A3724615-3148-4605-AE88-B8DCBB345118}.Debug|Any CPU.ActiveCfg = Debug|Any CPU
		{A3724615-3148-4605-AE88-B8DCBB345118}.Debug|Any CPU.Build.0 = Debug|Any CPU
		{A3724615-3148-4605-AE88-B8DCBB345118}.Release|Any CPU.ActiveCfg = Release|Any CPU
		{A3724615-3148-4605-AE88-B8DCBB345118}.Release|Any CPU.Build.0 = Release|Any CPU
		{D3385074-AE60-45B4-90FA-742E71C60F7E}.Debug|Any CPU.ActiveCfg = Debug|Any CPU
		{D3385074-AE60-45B4-90FA-742E71C60F7E}.Debug|Any CPU.Build.0 = Debug|Any CPU
		{D3385074-AE60-45B4-90FA-742E71C60F7E}.Release|Any CPU.ActiveCfg = Release|Any CPU
		{D3385074-AE60-45B4-90FA-742E71C60F7E}.Release|Any CPU.Build.0 = Release|Any CPU
		{1A4AA979-8867-46E7-8769-6E50EF10FA65}.Debug|Any CPU.ActiveCfg = Debug|Any CPU
		{1A4AA979-8867-46E7-8769-6E50EF10FA65}.Debug|Any CPU.Build.0 = Debug|Any CPU
		{1A4AA979-8867-46E7-8769-6E50EF10FA65}.Release|Any CPU.ActiveCfg = Release|Any CPU
		{1A4AA979-8867-46E7-8769-6E50EF10FA65}.Release|Any CPU.Build.0 = Release|Any CPU
		{BE8623BC-BB7C-47C7-A760-142603772D43}.Debug|Any CPU.ActiveCfg = Debug|Any CPU
		{BE8623BC-BB7C-47C7-A760-142603772D43}.Debug|Any CPU.Build.0 = Debug|Any CPU
		{BE8623BC-BB7C-47C7-A760-142603772D43}.Release|Any CPU.ActiveCfg = Release|Any CPU
		{BE8623BC-BB7C-47C7-A760-142603772D43}.Release|Any CPU.Build.0 = Release|Any CPU
		{7DECC3D4-F3B1-4C2B-8BF4-60292149D1C5}.Debug|Any CPU.ActiveCfg = Debug|Any CPU
		{7DECC3D4-F3B1-4C2B-8BF4-60292149D1C5}.Debug|Any CPU.Build.0 = Debug|Any CPU
		{7DECC3D4-F3B1-4C2B-8BF4-60292149D1C5}.Release|Any CPU.ActiveCfg = Release|Any CPU
		{7DECC3D4-F3B1-4C2B-8BF4-60292149D1C5}.Release|Any CPU.Build.0 = Release|Any CPU
		{D397A5CC-395C-4513-B121-368992146EE4}.Debug|Any CPU.ActiveCfg = Debug|Any CPU
		{D397A5CC-395C-4513-B121-368992146EE4}.Debug|Any CPU.Build.0 = Debug|Any CPU
		{D397A5CC-395C-4513-B121-368992146EE4}.Release|Any CPU.ActiveCfg = Release|Any CPU
		{D397A5CC-395C-4513-B121-368992146EE4}.Release|Any CPU.Build.0 = Release|Any CPU
	EndGlobalSection
	GlobalSection(SolutionProperties) = preSolution
		HideSolutionNode = FALSE
	EndGlobalSection
	GlobalSection(ExtensibilityGlobals) = postSolution
		SolutionGuid = {DE42C782-FD90-46D7-BB9C-C5903157781E}
	EndGlobalSection
EndGlobal
